
Microsoft Visual Studio Solution File, Format Version 12.00
# Visual Studio Version 17
VisualStudioVersion = 17.13.35825.156
MinimumVisualStudioVersion = 10.0.40219.1
Project("{FAE04EC0-301F-11D3-BF4B-00C04F79EFBC}") = "Do_An_Web_Hoc", "Do_An_Web_Hoc\Do_An_Web_Hoc.csproj", "{FE6D6C4D-0F78-4959-8E33-B924FBAA67D2}"
EndProject
Global
	GlobalSection(SolutionConfigurationPlatforms) = preSolution
		Debug|Any CPU = Debug|Any CPU
		Release|Any CPU = Release|Any CPU
	EndGlobalSection
	GlobalSection(ProjectConfigurationPlatforms) = postSolution
		{FE6D6C4D-0F78-4959-8E33-B924FBAA67D2}.Debug|Any CPU.ActiveCfg = Debug|Any CPU
		{FE6D6C4D-0F78-4959-8E33-B924FBAA67D2}.Debug|Any CPU.Build.0 = Debug|Any CPU
		{FE6D6C4D-0F78-4959-8E33-B924FBAA67D2}.Release|Any CPU.ActiveCfg = Release|Any CPU
		{FE6D6C4D-0F78-4959-8E33-B924FBAA67D2}.Release|Any CPU.Build.0 = Release|Any CPU
	EndGlobalSection
	GlobalSection(SolutionProperties) = preSolution
		HideSolutionNode = FALSE
	EndGlobalSection
	GlobalSection(ExtensibilityGlobals) = postSolution
		SolutionGuid = {555EC8E9-D7DB-4148-8980-A44D55E43AB7}
	EndGlobalSection
EndGlobal
